// !$*UTF8*$!
{
	archiveVersion = 1;
	classes = {
	};
	objectVersion = 46;
	objects = {

/* Begin PBXBuildFile section */
		4B58D3911E8374A6000D155B /* AppDelegate.swift in Sources */ = {isa = PBXBuildFile; fileRef = 4B58D3901E8374A6000D155B /* AppDelegate.swift */; };
		4B58D3931E8374A6000D155B /* ViewController.swift in Sources */ = {isa = PBXBuildFile; fileRef = 4B58D3921E8374A6000D155B /* ViewController.swift */; };
		4B58D3961E8374A6000D155B /* Main.storyboard in Resources */ = {isa = PBXBuildFile; fileRef = 4B58D3941E8374A6000D155B /* Main.storyboard */; };
		4B58D3981E8374A6000D155B /* Assets.xcassets in Resources */ = {isa = PBXBuildFile; fileRef = 4B58D3971E8374A6000D155B /* Assets.xcassets */; };
		4B58D39B1E8374A6000D155B /* LaunchScreen.storyboard in Resources */ = {isa = PBXBuildFile; fileRef = 4B58D3991E8374A6000D155B /* LaunchScreen.storyboard */; };
/* End PBXBuildFile section */

/* Begin PBXFileReference section */
		4B58D38D1E8374A6000D155B /* Dustan.app */ = {isa = PBXFileReference; explicitFileType = wrapper.application; includeInIndex = 0; path = Dustan.app; sourceTree = BUILT_PRODUCTS_DIR; };
		4B58D3901E8374A6000D155B /* AppDelegate.swift */ = {isa = PBXFileReference; lastKnownFileType = sourcecode.swift; path = AppDelegate.swift; sourceTree = "<group>"; };
		4B58D3921E8374A6000D155B /* ViewController.swift */ = {isa = PBXFileReference; lastKnownFileType = sourcecode.swift; path = ViewController.swift; sourceTree = "<group>"; };
		4B58D3951E8374A6000D155B /* Base */ = {isa = PBXFileReference; lastKnownFileType = file.storyboard; name = Base; path = Base.lproj/Main.storyboard; sourceTree = "<group>"; };
		4B58D3971E8374A6000D155B /* Assets.xcassets */ = {isa = PBXFileReference; lastKnownFileType = folder.assetcatalog; path = Assets.xcassets; sourceTree = "<group>"; };
		4B58D39A1E8374A6000D155B /* Base */ = {isa = PBXFileReference; lastKnownFileType = file.storyboard; name = Base; path = Base.lproj/LaunchScreen.storyboard; sourceTree = "<group>"; };
		4B58D39C1E8374A6000D155B /* Info.plist */ = {isa = PBXFileReference; lastKnownFileType = text.plist.xml; path = Info.plist; sourceTree = "<group>"; };
/* End PBXFileReference section */

/* Begin PBXFrameworksBuildPhase section */
		4B58D38A1E8374A6000D155B /* Frameworks */ = {
			isa = PBXFrameworksBuildPhase;
			buildActionMask = 2147483647;
			files = (
			);
			runOnlyForDeploymentPostprocessing = 0;
		};
/* End PBXFrameworksBuildPhase section */

/* Begin PBXGroup section */
		4B58D3841E8374A6000D155B = {
			isa = PBXGroup;
			children = (
				4B58D38F1E8374A6000D155B /* Dustan */,
				4B58D38E1E8374A6000D155B /* Products */,
			);
			sourceTree = "<group>";
		};
		4B58D38E1E8374A6000D155B /* Products */ = {
			isa = PBXGroup;
			children = (
				4B58D38D1E8374A6000D155B /* Dustan.app */,
			);
			name = Products;
			sourceTree = "<group>";
		};
		4B58D38F1E8374A6000D155B /* Dustan */ = {
			isa = PBXGroup;
			children = (
				4B58D3901E8374A6000D155B /* AppDelegate.swift */,
				4B58D3921E8374A6000D155B /* ViewController.swift */,
				4B58D3941E8374A6000D155B /* Main.storyboard */,
				4B58D3971E8374A6000D155B /* Assets.xcassets */,
				4B58D3991E8374A6000D155B /* LaunchScreen.storyboard */,
				4B58D39C1E8374A6000D155B /* Info.plist */,
			);
			path = Dustan;
			sourceTree = "<group>";
		};
/* End PBXGroup section */

/* Begin PBXNativeTarget section */
		4B58D38C1E8374A6000D155B /* Dustan */ = {
			isa = PBXNativeTarget;
			buildConfigurationList = 4B58D39F1E8374A6000D155B /* Build configuration list for PBXNativeTarget "Dustan" */;
			buildPhases = (
				4B58D3891E8374A6000D155B /* Sources */,
				4B58D38A1E8374A6000D155B /* Frameworks */,
				4B58D38B1E8374A6000D155B /* Resources */,
			);
			buildRules = (
			);
			dependencies = (
			);
			name = Dustan;
			productName = Dustan;
			productReference = 4B58D38D1E8374A6000D155B /* Dustan.app */;
			productType = "com.apple.product-type.application";
		};
/* End PBXNativeTarget section */

/* Begin PBXProject section */
		4B58D3851E8374A6000D155B /* Project object */ = {
			isa = PBXProject;
			attributes = {
				LastSwiftUpdateCheck = 0820;
				LastUpgradeCheck = 0820;
				ORGANIZATIONNAME = "Mobile Star";
				TargetAttributes = {
					4B58D38C1E8374A6000D155B = {
						CreatedOnToolsVersion = 8.2;
						ProvisioningStyle = Automatic;
					};
				};
			};
			buildConfigurationList = 4B58D3881E8374A6000D155B /* Build configuration list for PBXProject "Dustan" */;
			compatibilityVersion = "Xcode 3.2";
			developmentRegion = English;
			hasScannedForEncodings = 0;
			knownRegions = (
				en,
				Base,
			);
			mainGroup = 4B58D3841E8374A6000D155B;
			productRefGroup = 4B58D38E1E8374A6000D155B /* Products */;
			projectDirPath = "";
			projectRoot = "";
			targets = (
				4B58D38C1E8374A6000D155B /* Dustan */,
			);
		};
/* End PBXProject section */

/* Begin PBXResourcesBuildPhase section */
		4B58D38B1E8374A6000D155B /* Resources */ = {
			isa = PBXResourcesBuildPhase;
			buildActionMask = 2147483647;
			files = (
				4B58D39B1E8374A6000D155B /* LaunchScreen.storyboard in Resources */,
				4B58D3981E8374A6000D155B /* Assets.xcassets in Resources */,
				4B58D3961E8374A6000D155B /* Main.storyboard in Resources */,
			);
			runOnlyForDeploymentPostprocessing = 0;
		};
/* End PBXResourcesBuildPhase section */

/* Begin PBXSourcesBuildPhase section */
		4B58D3891E8374A6000D155B /* Sources */ = {
			isa = PBXSourcesBuildPhase;
			buildActionMask = 2147483647;
			files = (
				4B58D3931E8374A6000D155B /* ViewController.swift in Sources */,
				4B58D3911E8374A6000D155B /* AppDelegate.swift in Sources */,
			);
			runOnlyForDeploymentPostprocessing = 0;
		};
/* End PBXSourcesBuildPhase section */

/* Begin PBXVariantGroup section */
		4B58D3941E8374A6000D155B /* Main.storyboard */ = {
			isa = PBXVariantGroup;
			children = (
				4B58D3951E8374A6000D155B /* Base */,
			);
			name = Main.storyboard;
			sourceTree = "<group>";
		};
		4B58D3991E8374A6000D155B /* LaunchScreen.storyboard */ = {
			isa = PBXVariantGroup;
			children = (
				4B58D39A1E8374A6000D155B /* Base */,
			);
			name = LaunchScreen.storyboard;
			sourceTree = "<group>";
		};
/* End PBXVariantGroup section */

/* Begin XCBuildConfiguration section */
		4B58D39D1E8374A6000D155B /* Debug */ = {
			isa = XCBuildConfiguration;
			buildSettings = {
				ALWAYS_SEARCH_USER_PATHS = NO;
				CLANG_ANALYZER_NONNULL = YES;
				CLANG_CXX_LANGUAGE_STANDARD = "gnu++0x";
				CLANG_CXX_LIBRARY = "libc++";
				CLANG_ENABLE_MODULES = YES;
				CLANG_ENABLE_OBJC_ARC = YES;
				CLANG_WARN_BOOL_CONVERSION = YES;
				CLANG_WARN_CONSTANT_CONVERSION = YES;
				CLANG_WARN_DIRECT_OBJC_ISA_USAGE = YES_ERROR;
				CLANG_WARN_DOCUMENTATION_COMMENTS = YES;
				CLANG_WARN_EMPTY_BODY = YES;
				CLANG_WARN_ENUM_CONVERSION = YES;
				CLANG_WARN_INFINITE_RECURSION = YES;
				CLANG_WARN_INT_CONVERSION = YES;
				CLANG_WARN_OBJC_ROOT_CLASS = YES_ERROR;
				CLANG_WARN_SUSPICIOUS_MOVE = YES;
				CLANG_WARN_UNREACHABLE_CODE = YES;
				CLANG_WARN__DUPLICATE_METHOD_MATCH = YES;
				"CODE_SIGN_IDENTITY[sdk=iphoneos*]" = "iPhone Developer";
				COPY_PHASE_STRIP = NO;
				DEBUG_INFORMATION_FORMAT = dwarf;
				ENABLE_STRICT_OBJC_MSGSEND = YES;
				ENABLE_TESTABILITY = YES;
				GCC_C_LANGUAGE_STANDARD = gnu99;
				GCC_DYNAMIC_NO_PIC = NO;
				GCC_NO_COMMON_BLOCKS = YES;
				GCC_OPTIMIZATION_LEVEL = 0;
				GCC_PREPROCESSOR_DEFINITIONS = (
					"DEBUG=1",
					"$(inherited)",
				);
				GCC_WARN_64_TO_32_BIT_CONVERSION = YES;
				GCC_WARN_ABOUT_RETURN_TYPE = YES_ERROR;
				GCC_WARN_UNDECLARED_SELECTOR = YES;
				GCC_WARN_UNINITIALIZED_AUTOS = YES_AGGRESSIVE;
				GCC_WARN_UNUSED_FUNCTION = YES;
				GCC_WARN_UNUSED_VARIABLE = YES;
				IPHONEOS_DEPLOYMENT_TARGET = 10.2;
				MTL_ENABLE_DEBUG_INFO = YES;
				ONLY_ACTIVE_ARCH = YES;
				SDKROOT = iphoneos;
				SWIFT_ACTIVE_COMPILATION_CONDITIONS = DEBUG;
				SWIFT_OPTIMIZATION_LEVEL = "-Onone";
			};
			name = Debug;
		};
		4B58D39E1E8374A6000D155B /* Release */ = {
			isa = XCBuildConfiguration;
			buildSettings = {
				ALWAYS_SEARCH_USER_PATHS = NO;
				CLANG_ANALYZER_NONNULL = YES;
				CLANG_CXX_LANGUAGE_STANDARD = "gnu++0x";
				CLANG_CXX_LIBRARY = "libc++";
				CLANG_ENABLE_MODULES = YES;
				CLANG_ENABLE_OBJC_ARC = YES;
				CLANG_WARN_BOOL_CONVERSION = YES;
				CLANG_WARN_CONSTANT_CONVERSION = YES;
				CLANG_WARN_DIRECT_OBJC_ISA_USAGE = YES_ERROR;
				CLANG_WARN_DOCUMENTATION_COMMENTS = YES;
				CLANG_WARN_EMPTY_BODY = YES;
				CLANG_WARN_ENUM_CONVERSION = YES;
				CLANG_WARN_INFINITE_RECURSION = YES;
				CLANG_WARN_INT_CONVERSION = YES;
				CLANG_WARN_OBJC_ROOT_CLASS = YES_ERROR;
				CLANG_WARN_SUSPICIOUS_MOVE = YES;
				CLANG_WARN_UNREACHABLE_CODE = YES;
				CLANG_WARN__DUPLICATE_METHOD_MATCH = YES;
				"CODE_SIGN_IDENTITY[sdk=iphoneos*]" = "iPhone Developer";
				COPY_PHASE_STRIP = NO;
				DEBUG_INFORMATION_FORMAT = "dwarf-with-dsym";
				ENABLE_NS_ASSERTIONS = NO;
				ENABLE_STRICT_OBJC_MSGSEND = YES;
				GCC_C_LANGUAGE_STANDARD = gnu99;
				GCC_NO_COMMON_BLOCKS = YES;
				GCC_WARN_64_TO_32_BIT_CONVERSION = YES;
				GCC_WARN_ABOUT_RETURN_TYPE = YES_ERROR;
				GCC_WARN_UNDECLARED_SELECTOR = YES;
				GCC_WARN_UNINITIALIZED_AUTOS = YES_AGGRESSIVE;
				GCC_WARN_UNUSED_FUNCTION = YES;
				GCC_WARN_UNUSED_VARIABLE = YES;
				IPHONEOS_DEPLOYMENT_TARGET = 10.2;
				MTL_ENABLE_DEBUG_INFO = NO;
				SDKROOT = iphoneos;
				SWIFT_OPTIMIZATION_LEVEL = "-Owholemodule";
				VALIDATE_PRODUCT = YES;
			};
			name = Release;
		};
		4B58D3A01E8374A6000D155B /* Debug */ = {
			isa = XCBuildConfiguration;
			buildSettings = {
				ASSETCATALOG_COMPILER_APPICON_NAME = AppIcon;
				INFOPLIST_FILE = Dustan/Info.plist;
				LD_RUNPATH_SEARCH_PATHS = "$(inherited) @executable_path/Frameworks";
				PRODUCT_BUNDLE_IDENTIFIER = com.mobidev.Dustan;
				PRODUCT_NAME = "$(TARGET_NAME)";
				SWIFT_VERSION = 3.0;
			};
			name = Debug;
		};
		4B58D3A11E8374A6000D155B /* Release */ = {
			isa = XCBuildConfiguration;
			buildSettings = {
				ASSETCATALOG_COMPILER_APPICON_NAME = AppIcon;
				INFOPLIST_FILE = Dustan/Info.plist;
				LD_RUNPATH_SEARCH_PATHS = "$(inherited) @executable_path/Frameworks";
				PRODUCT_BUNDLE_IDENTIFIER = com.mobidev.Dustan;
				PRODUCT_NAME = "$(TARGET_NAME)";
				SWIFT_VERSION = 3.0;
			};
			name = Release;
		};
/* End XCBuildConfiguration section */

/* Begin XCConfigurationList section */
		4B58D3881E8374A6000D155B /* Build configuration list for PBXProject "Dustan" */ = {
			isa = XCConfigurationList;
			buildConfigurations = (
				4B58D39D1E8374A6000D155B /* Debug */,
				4B58D39E1E8374A6000D155B /* Release */,
			);
			defaultConfigurationIsVisible = 0;
			defaultConfigurationName = Release;
		};
		4B58D39F1E8374A6000D155B /* Build configuration list for PBXNativeTarget "Dustan" */ = {
			isa = XCConfigurationList;
			buildConfigurations = (
				4B58D3A01E8374A6000D155B /* Debug */,
				4B58D3A11E8374A6000D155B /* Release */,
			);
			defaultConfigurationIsVisible = 0;
		};
/* End XCConfigurationList section */
	};
	rootObject = 4B58D3851E8374A6000D155B /* Project object */;
}
